
Microsoft Visual Studio Solution File, Format Version 12.00
# Visual Studio Version 16
VisualStudioVersion = 16.0.31729.503
MinimumVisualStudioVersion = 10.0.40219.1
Project("{FAE04EC0-301F-11D3-BF4B-00C04F79EFBC}") = "ADB.PL", "ADB.PL\ADB.PL.csproj", "{3EDBE834-3D2D-486E-82BF-03E701F549C1}"
EndProject
Project("{FAE04EC0-301F-11D3-BF4B-00C04F79EFBC}") = "ADB.DAL", "ADB.DAL\ADB.DAL.csproj", "{8A0B2406-0882-4D30-A6FC-1694473F9C54}"
EndProject
Project("{FAE04EC0-301F-11D3-BF4B-00C04F79EFBC}") = "ADB.BL", "ADB.BL\ADB.BL.csproj", "{B72B81F9-D7D5-48DC-9B89-F249687CD29D}"
EndProject
Global
	GlobalSection(SolutionConfigurationPlatforms) = preSolution
		Debug|Any CPU = Debug|Any CPU
		Release|Any CPU = Release|Any CPU
	EndGlobalSection
	GlobalSection(ProjectConfigurationPlatforms) = postSolution
		{3EDBE834-3D2D-486E-82BF-03E701F549C1}.Debug|Any CPU.ActiveCfg = Debug|Any CPU
		{3EDBE834-3D2D-486E-82BF-03E701F549C1}.Debug|Any CPU.Build.0 = Debug|Any CPU
		{3EDBE834-3D2D-486E-82BF-03E701F549C1}.Release|Any CPU.ActiveCfg = Release|Any CPU
		{3EDBE834-3D2D-486E-82BF-03E701F549C1}.Release|Any CPU.Build.0 = Release|Any CPU
		{8A0B2406-0882-4D30-A6FC-1694473F9C54}.Debug|Any CPU.ActiveCfg = Debug|Any CPU
		{8A0B2406-0882-4D30-A6FC-1694473F9C54}.Debug|Any CPU.Build.0 = Debug|Any CPU
		{8A0B2406-0882-4D30-A6FC-1694473F9C54}.Release|Any CPU.ActiveCfg = Release|Any CPU
		{8A0B2406-0882-4D30-A6FC-1694473F9C54}.Release|Any CPU.Build.0 = Release|Any CPU
		{B72B81F9-D7D5-48DC-9B89-F249687CD29D}.Debug|Any CPU.ActiveCfg = Debug|Any CPU
		{B72B81F9-D7D5-48DC-9B89-F249687CD29D}.Debug|Any CPU.Build.0 = Debug|Any CPU
		{B72B81F9-D7D5-48DC-9B89-F249687CD29D}.Release|Any CPU.ActiveCfg = Release|Any CPU
		{B72B81F9-D7D5-48DC-9B89-F249687CD29D}.Release|Any CPU.Build.0 = Release|Any CPU
	EndGlobalSection
	GlobalSection(SolutionProperties) = preSolution
		HideSolutionNode = FALSE
	EndGlobalSection
	GlobalSection(ExtensibilityGlobals) = postSolution
		SolutionGuid = {7135E29E-1C96-4265-B42C-83CB7228FBF1}
	EndGlobalSection
EndGlobal
